
Microsoft Visual Studio Solution File, Format Version 12.00
# Visual Studio Version 17
VisualStudioVersion = 17.2.32630.192
MinimumVisualStudioVersion = 10.0.40219.1
Project("{9A19103F-16F7-4668-BE54-9A1E7A4F7556}") = "ECommerce.API", "ECommerce.API\ECommerce.API.csproj", "{14384CD0-8DB5-46CA-98FE-9FAA2A23B70F}"
EndProject
Project("{9A19103F-16F7-4668-BE54-9A1E7A4F7556}") = "Business", "Business\Business.csproj", "{7A891AD3-DE5E-4BCC-90BE-72295AA46699}"
EndProject
Project("{9A19103F-16F7-4668-BE54-9A1E7A4F7556}") = "Entities", "Entities\Entities.csproj", "{8EDF2896-CD7E-45A6-8223-6DBE05E09519}"
EndProject
Project("{9A19103F-16F7-4668-BE54-9A1E7A4F7556}") = "DataAccess", "DataAccess\DataAccess.csproj", "{9275D564-18A3-418B-AA48-6584E7101C81}"
EndProject
Project("{2150E333-8FDC-42A3-9474-1A3956D46DE8}") = "Test", "Test", "{63772D10-075F-4132-BAB7-6C0201F2C67D}"
EndProject
Project("{9A19103F-16F7-4668-BE54-9A1E7A4F7556}") = "BusinessTest", "BusinessTest\BusinessTest.csproj", "{3643F74B-066F-4776-ADB7-733FE8177A86}"
EndProject
Project("{9A19103F-16F7-4668-BE54-9A1E7A4F7556}") = "TestProject", "TestProject\TestProject.csproj", "{1076C494-0EA6-4155-9E40-7B67364A59DC}"
EndProject
Global
	GlobalSection(SolutionConfigurationPlatforms) = preSolution
		Debug|Any CPU = Debug|Any CPU
		Release|Any CPU = Release|Any CPU
	EndGlobalSection
	GlobalSection(ProjectConfigurationPlatforms) = postSolution
		{14384CD0-8DB5-46CA-98FE-9FAA2A23B70F}.Debug|Any CPU.ActiveCfg = Debug|Any CPU
		{14384CD0-8DB5-46CA-98FE-9FAA2A23B70F}.Debug|Any CPU.Build.0 = Debug|Any CPU
		{14384CD0-8DB5-46CA-98FE-9FAA2A23B70F}.Release|Any CPU.ActiveCfg = Release|Any CPU
		{14384CD0-8DB5-46CA-98FE-9FAA2A23B70F}.Release|Any CPU.Build.0 = Release|Any CPU
		{7A891AD3-DE5E-4BCC-90BE-72295AA46699}.Debug|Any CPU.ActiveCfg = Debug|Any CPU
		{7A891AD3-DE5E-4BCC-90BE-72295AA46699}.Debug|Any CPU.Build.0 = Debug|Any CPU
		{7A891AD3-DE5E-4BCC-90BE-72295AA46699}.Release|Any CPU.ActiveCfg = Release|Any CPU
		{7A891AD3-DE5E-4BCC-90BE-72295AA46699}.Release|Any CPU.Build.0 = Release|Any CPU
		{8EDF2896-CD7E-45A6-8223-6DBE05E09519}.Debug|Any CPU.ActiveCfg = Debug|Any CPU
		{8EDF2896-CD7E-45A6-8223-6DBE05E09519}.Debug|Any CPU.Build.0 = Debug|Any CPU
		{8EDF2896-CD7E-45A6-8223-6DBE05E09519}.Release|Any CPU.ActiveCfg = Release|Any CPU
		{8EDF2896-CD7E-45A6-8223-6DBE05E09519}.Release|Any CPU.Build.0 = Release|Any CPU
		{9275D564-18A3-418B-AA48-6584E7101C81}.Debug|Any CPU.ActiveCfg = Debug|Any CPU
		{9275D564-18A3-418B-AA48-6584E7101C81}.Debug|Any CPU.Build.0 = Debug|Any CPU
		{9275D564-18A3-418B-AA48-6584E7101C81}.Release|Any CPU.ActiveCfg = Release|Any CPU
		{9275D564-18A3-418B-AA48-6584E7101C81}.Release|Any CPU.Build.0 = Release|Any CPU
		{3643F74B-066F-4776-ADB7-733FE8177A86}.Debug|Any CPU.ActiveCfg = Debug|Any CPU
		{3643F74B-066F-4776-ADB7-733FE8177A86}.Debug|Any CPU.Build.0 = Debug|Any CPU
		{3643F74B-066F-4776-ADB7-733FE8177A86}.Release|Any CPU.ActiveCfg = Release|Any CPU
		{3643F74B-066F-4776-ADB7-733FE8177A86}.Release|Any CPU.Build.0 = Release|Any CPU
		{1076C494-0EA6-4155-9E40-7B67364A59DC}.Debug|Any CPU.ActiveCfg = Debug|Any CPU
		{1076C494-0EA6-4155-9E40-7B67364A59DC}.Debug|Any CPU.Build.0 = Debug|Any CPU
		{1076C494-0EA6-4155-9E40-7B67364A59DC}.Release|Any CPU.ActiveCfg = Release|Any CPU
		{1076C494-0EA6-4155-9E40-7B67364A59DC}.Release|Any CPU.Build.0 = Release|Any CPU
	EndGlobalSection
	GlobalSection(SolutionProperties) = preSolution
		HideSolutionNode = FALSE
	EndGlobalSection
	GlobalSection(NestedProjects) = preSolution
		{3643F74B-066F-4776-ADB7-733FE8177A86} = {63772D10-075F-4132-BAB7-6C0201F2C67D}
		{1076C494-0EA6-4155-9E40-7B67364A59DC} = {63772D10-075F-4132-BAB7-6C0201F2C67D}
	EndGlobalSection
	GlobalSection(ExtensibilityGlobals) = postSolution
		SolutionGuid = {7A4AA81F-6A8D-4D64-9B50-CFD8D644DE2B}
	EndGlobalSection
EndGlobal
